
Microsoft Visual Studio Solution File, Format Version 12.00
# Visual Studio 15
VisualStudioVersion = 15.0.27130.2010
MinimumVisualStudioVersion = 10.0.40219.1
Project("{F184B08F-C81C-45F6-A57F-5ABD9991F28F}") = "WinFormApp", "WinFormApp\WinFormApp.vbproj", "{313E7C0F-D15C-4230-AD4A-AD2E864E606A}"
EndProject
Global
	GlobalSection(SolutionConfigurationPlatforms) = preSolution
		Debug|Any CPU = Debug|Any CPU
		Release|Any CPU = Release|Any CPU
	EndGlobalSection
	GlobalSection(ProjectConfigurationPlatforms) = postSolution
		{313E7C0F-D15C-4230-AD4A-AD2E864E606A}.Debug|Any CPU.ActiveCfg = Debug|Any CPU
		{313E7C0F-D15C-4230-AD4A-AD2E864E606A}.Debug|Any CPU.Build.0 = Debug|Any CPU
		{313E7C0F-D15C-4230-AD4A-AD2E864E606A}.Release|Any CPU.ActiveCfg = Release|Any CPU
		{313E7C0F-D15C-4230-AD4A-AD2E864E606A}.Release|Any CPU.Build.0 = Release|Any CPU
	EndGlobalSection
	GlobalSection(SolutionProperties) = preSolution
		HideSolutionNode = FALSE
	EndGlobalSection
	GlobalSection(ExtensibilityGlobals) = postSolution
		SolutionGuid = {E5C4CC80-ED9C-4333-8BBB-A779643B6D4A}
	EndGlobalSection
EndGlobal
